PODS:
  - DACircularProgress (2.3.1)
  - FLAnimatedImage (1.0.12)
  - MJExtension (3.0.15.1)
  - MJRefresh (3.1.15.6)
  - NJKWebViewProgress (0.2.3):
    - NJKWebViewProgress/Core (= 0.2.3)
    - NJKWebViewProgress/ProgressView (= 0.2.3)
  - NJKWebViewProgress/Core (0.2.3)
  - NJKWebViewProgress/ProgressView (0.2.3)
  - pop (1.0.10)
  - SDWebImage (4.0.0):
    - SDWebImage/Core (= 4.0.0)
  - SDWebImage/Core (4.0.0)
  - SDWebImage/GIF (4.0.0):
    - FLAnimatedImage (~> 1.0)
    - SDWebImage/Core
  - SVProgressHUD (2.2.5)

DEPENDENCIES:
  - DACircularProgress
  - MJExtension
  - MJRefresh
  - NJKWebViewProgress
  - pop
  - SDWebImage
  - SDWebImage/GIF
  - SVProgressHUD

SPEC REPOS:
  https://github.com/cocoapods/specs.git:
    - DACircularProgress
    - FLAnimatedImage
    - MJExtension
    - MJRefresh
    - NJKWebViewProgress
    - pop
    - SDWebImage
    - SVProgressHUD

SPEC CHECKSUMS:
  DACircularProgress: 4dd437c0fc3da5161cb289e07ac449493d41db71
  FLAnimatedImage: 4a0b56255d9b05f18b6dd7ee06871be5d3b89e31
  MJExtension: 19bc33ce2eee2d319760f5622562cf581a6ff756
  MJRefresh: 0efa19656679d70a0f47cbe76e56c2271fe53a97
  NJKWebViewProgress: f481fd424cb5ecc27eacae11b5397db92fba9a4d
  pop: 82ca6b068ce9278fd350fd9dd09482a0ce9492e6
  SDWebImage: 76a6348bdc74eb5a55dd08a091ef298e56b55e41
  SVProgressHUD: 1428aafac632c1f86f62aa4243ec12008d7a51d6

PODFILE CHECKSUM: ea48aa0f48f41ce33f7efc7b05264b01ab8865f1

COCOAPODS: 1.5.3
